
Microsoft Visual Studio Solution File, Format Version 12.00
# Visual Studio Version 16
Project("{FAE04EC0-301F-11D3-BF4B-00C04F79EFBC}") = "TclParser", "TclParser\TclParser.csproj", "{0E4C5D27-3EDD-4289-B7E6-3EB7EB68C9ED}"
EndProject
Project("{FAE04EC0-301F-11D3-BF4B-00C04F79EFBC}") = "TclParser.Tests", "TclParser.Tests\TclParser.Tests.csproj", "{1860995D-F498-4A77-930B-D8629BAC6E97}"
EndProject
Global
	GlobalSection(SolutionConfigurationPlatforms) = preSolution
		Debug|Any CPU = Debug|Any CPU
		Release|Any CPU = Release|Any CPU
	EndGlobalSection
	GlobalSection(ProjectConfigurationPlatforms) = postSolution
		{0E4C5D27-3EDD-4289-B7E6-3EB7EB68C9ED}.Debug|Any CPU.ActiveCfg = Debug|Any CPU
		{0E4C5D27-3EDD-4289-B7E6-3EB7EB68C9ED}.Debug|Any CPU.Build.0 = Debug|Any CPU
		{0E4C5D27-3EDD-4289-B7E6-3EB7EB68C9ED}.Release|Any CPU.ActiveCfg = Release|Any CPU
		{0E4C5D27-3EDD-4289-B7E6-3EB7EB68C9ED}.Release|Any CPU.Build.0 = Release|Any CPU
		{1860995D-F498-4A77-930B-D8629BAC6E97}.Debug|Any CPU.ActiveCfg = Debug|Any CPU
		{1860995D-F498-4A77-930B-D8629BAC6E97}.Debug|Any CPU.Build.0 = Debug|Any CPU
		{1860995D-F498-4A77-930B-D8629BAC6E97}.Release|Any CPU.ActiveCfg = Release|Any CPU
		{1860995D-F498-4A77-930B-D8629BAC6E97}.Release|Any CPU.Build.0 = Release|Any CPU
	EndGlobalSection
EndGlobal
